
Microsoft Visual Studio Solution File, Format Version 12.00
# Visual Studio Version 17
VisualStudioVersion = 17.9.34728.123
MinimumVisualStudioVersion = 10.0.40219.1
Project("{FAE04EC0-301F-11D3-BF4B-00C04F79EFBC}") = "TestS3Service", "TestS3Service\TestS3Service.csproj", "{91EA8CB4-72DD-469A-A66E-247C8E731FD4}"
EndProject
Project("{9A19103F-16F7-4668-BE54-9A1E7A4F7556}") = "S3Service", "S3Service\S3Service.csproj", "{2EB7F343-C43E-4EA5-8E63-676E452984E3}"
EndProject
Global
	GlobalSection(SolutionConfigurationPlatforms) = preSolution
		Debug|Any CPU = Debug|Any CPU
		Release|Any CPU = Release|Any CPU
	EndGlobalSection
	GlobalSection(ProjectConfigurationPlatforms) = postSolution
		{91EA8CB4-72DD-469A-A66E-247C8E731FD4}.Debug|Any CPU.ActiveCfg = Debug|Any CPU
		{91EA8CB4-72DD-469A-A66E-247C8E731FD4}.Debug|Any CPU.Build.0 = Debug|Any CPU
		{91EA8CB4-72DD-469A-A66E-247C8E731FD4}.Release|Any CPU.ActiveCfg = Release|Any CPU
		{91EA8CB4-72DD-469A-A66E-247C8E731FD4}.Release|Any CPU.Build.0 = Release|Any CPU
		{2EB7F343-C43E-4EA5-8E63-676E452984E3}.Debug|Any CPU.ActiveCfg = Debug|Any CPU
		{2EB7F343-C43E-4EA5-8E63-676E452984E3}.Debug|Any CPU.Build.0 = Debug|Any CPU
		{2EB7F343-C43E-4EA5-8E63-676E452984E3}.Release|Any CPU.ActiveCfg = Release|Any CPU
		{2EB7F343-C43E-4EA5-8E63-676E452984E3}.Release|Any CPU.Build.0 = Release|Any CPU
	EndGlobalSection
	GlobalSection(SolutionProperties) = preSolution
		HideSolutionNode = FALSE
	EndGlobalSection
	GlobalSection(ExtensibilityGlobals) = postSolution
		SolutionGuid = {0D354BBB-4CB3-4C31-9215-2973E45480CC}
	EndGlobalSection
EndGlobal
